
Microsoft Visual Studio Solution File, Format Version 11.00
# Visual Studio 2010
Project("{FAE04EC0-301F-11D3-BF4B-00C04F79EFBC}") = "AutoEscola", "AutoEscola\AutoEscola.csproj", "{51A11BAA-0643-42D2-A0FE-F11834263F2A}"
EndProject
Project("{FAE04EC0-301F-11D3-BF4B-00C04F79EFBC}") = "AutoEscola.Models", "AutoEscola.Models\AutoEscola.Models.csproj", "{A8A68AAF-3723-4CCA-BEF5-392B97736565}"
EndProject
Project("{FAE04EC0-301F-11D3-BF4B-00C04F79EFBC}") = "AutoEscola.Repository", "AutoEscola.Repository\AutoEscola.Repository.csproj", "{2403015E-FF0E-46A7-8AB0-90569BFAF500}"
EndProject
Project("{F088123C-0E9E-452A-89E6-6BA2F21D5CAC}") = "AutoEscola.Modelagem", "AutoEscola.Modelagem\AutoEscola.Modelagem.modelproj", "{5165786B-47F4-4D2A-B0B3-2A6F8565CFC4}"
EndProject
Global
	GlobalSection(SolutionConfigurationPlatforms) = preSolution
		Debug|Any CPU = Debug|Any CPU
		Release|Any CPU = Release|Any CPU
	EndGlobalSection
	GlobalSection(ProjectConfigurationPlatforms) = postSolution
		{51A11BAA-0643-42D2-A0FE-F11834263F2A}.Debug|Any CPU.ActiveCfg = Debug|Any CPU
		{51A11BAA-0643-42D2-A0FE-F11834263F2A}.Debug|Any CPU.Build.0 = Debug|Any CPU
		{51A11BAA-0643-42D2-A0FE-F11834263F2A}.Release|Any CPU.ActiveCfg = Release|Any CPU
		{51A11BAA-0643-42D2-A0FE-F11834263F2A}.Release|Any CPU.Build.0 = Release|Any CPU
		{A8A68AAF-3723-4CCA-BEF5-392B97736565}.Debug|Any CPU.ActiveCfg = Debug|Any CPU
		{A8A68AAF-3723-4CCA-BEF5-392B97736565}.Debug|Any CPU.Build.0 = Debug|Any CPU
		{A8A68AAF-3723-4CCA-BEF5-392B97736565}.Release|Any CPU.ActiveCfg = Release|Any CPU
		{A8A68AAF-3723-4CCA-BEF5-392B97736565}.Release|Any CPU.Build.0 = Release|Any CPU
		{2403015E-FF0E-46A7-8AB0-90569BFAF500}.Debug|Any CPU.ActiveCfg = Debug|Any CPU
		{2403015E-FF0E-46A7-8AB0-90569BFAF500}.Debug|Any CPU.Build.0 = Debug|Any CPU
		{2403015E-FF0E-46A7-8AB0-90569BFAF500}.Release|Any CPU.ActiveCfg = Release|Any CPU
		{2403015E-FF0E-46A7-8AB0-90569BFAF500}.Release|Any CPU.Build.0 = Release|Any CPU
		{5165786B-47F4-4D2A-B0B3-2A6F8565CFC4}.Debug|Any CPU.ActiveCfg = Debug|Any CPU
		{5165786B-47F4-4D2A-B0B3-2A6F8565CFC4}.Debug|Any CPU.Build.0 = Debug|Any CPU
		{5165786B-47F4-4D2A-B0B3-2A6F8565CFC4}.Release|Any CPU.ActiveCfg = Release|Any CPU
		{5165786B-47F4-4D2A-B0B3-2A6F8565CFC4}.Release|Any CPU.Build.0 = Release|Any CPU
	EndGlobalSection
	GlobalSection(SolutionProperties) = preSolution
		HideSolutionNode = FALSE
	EndGlobalSection
EndGlobal
